// !$*UTF8*$!
{
	archiveVersion = 1;
	classes = {
	};
	objectVersion = 46;
	objects = {

/* Begin PBXBuildFile section */
		A913790D1B68E86C005E008F /* Bolts.framework in Frameworks */ = {isa = PBXBuildFile; fileRef = A91379071B68E86B005E008F /* Bolts.framework */; };
		A913790E1B68E86C005E008F /* Parse.framework in Frameworks */ = {isa = PBXBuildFile; fileRef = A91379081B68E86C005E008F /* Parse.framework */; };
		A913790F1B68E86C005E008F /* ParseCrashReporting.framework in Frameworks */ = {isa = PBXBuildFile; fileRef = A91379091B68E86C005E008F /* ParseCrashReporting.framework */; };
		A91379101B68E86C005E008F /* ParseFacebookUtils.framework in Frameworks */ = {isa = PBXBuildFile; fileRef = A913790A1B68E86C005E008F /* ParseFacebookUtils.framework */; };
		A91379111B68E86C005E008F /* ParseFacebookUtilsV4.framework in Frameworks */ = {isa = PBXBuildFile; fileRef = A913790B1B68E86C005E008F /* ParseFacebookUtilsV4.framework */; };
		A91379121B68E86C005E008F /* ParseUI.framework in Frameworks */ = {isa = PBXBuildFile; fileRef = A913790C1B68E86C005E008F /* ParseUI.framework */; };
		A91379141B68E875005E008F /* Social.framework in Frameworks */ = {isa = PBXBuildFile; fileRef = A91379131B68E875005E008F /* Social.framework */; };
		A91379161B68E910005E008F /* libstdc++.6.dylib in Frameworks */ = {isa = PBXBuildFile; fileRef = A91379151B68E910005E008F /* libstdc++.6.dylib */; };
		A91379181B68E91F005E008F /* libsqlite3.0.dylib in Frameworks */ = {isa = PBXBuildFile; fileRef = A91379171B68E91F005E008F /* libsqlite3.0.dylib */; };
		A913791A1B68E92A005E008F /* CFNetwork.framework in Frameworks */ = {isa = PBXBuildFile; fileRef = A91379191B68E92A005E008F /* CFNetwork.framework */; };
		A913791C1B68E937005E008F /* CoreGraphics.framework in Frameworks */ = {isa = PBXBuildFile; fileRef = A913791B1B68E937005E008F /* CoreGraphics.framework */; };
		A913791E1B68E945005E008F /* CoreLocation.framework in Frameworks */ = {isa = PBXBuildFile; fileRef = A913791D1B68E945005E008F /* CoreLocation.framework */; };
		A91379201B68E95D005E008F /* libz.1.1.3.dylib in Frameworks */ = {isa = PBXBuildFile; fileRef = A913791F1B68E95D005E008F /* libz.1.1.3.dylib */; };
		A91379221B68E96B005E008F /* MobileCoreServices.framework in Frameworks */ = {isa = PBXBuildFile; fileRef = A91379211B68E96B005E008F /* MobileCoreServices.framework */; };
		A91379241B68E979005E008F /* QuartzCore.framework in Frameworks */ = {isa = PBXBuildFile; fileRef = A91379231B68E979005E008F /* QuartzCore.framework */; };
		A91379261B68E985005E008F /* Security.framework in Frameworks */ = {isa = PBXBuildFile; fileRef = A91379251B68E985005E008F /* Security.framework */; };
		A91379281B68E991005E008F /* StoreKit.framework in Frameworks */ = {isa = PBXBuildFile; fileRef = A91379271B68E991005E008F /* StoreKit.framework */; };
		A913792A1B68E9B7005E008F /* SystemConfiguration.framework in Frameworks */ = {isa = PBXBuildFile; fileRef = A91379291B68E9B7005E008F /* SystemConfiguration.framework */; };
		A913792C1B68E9C3005E008F /* AudioToolbox.framework in Frameworks */ = {isa = PBXBuildFile; fileRef = A913792B1B68E9C3005E008F /* AudioToolbox.framework */; };
		A91379331B68EFE5005E008F /* LoginVC.m in Sources */ = {isa = PBXBuildFile; fileRef = A913792F1B68EFE5005E008F /* LoginVC.m */; };
		A91379341B68EFE5005E008F /* Signup.m in Sources */ = {isa = PBXBuildFile; fileRef = A91379321B68EFE5005E008F /* Signup.m */; };
		A913793D1B68F0AC005E008F /* Bolts.framework in Frameworks */ = {isa = PBXBuildFile; fileRef = A91379371B68F0AC005E008F /* Bolts.framework */; };
		A913793E1B68F0AC005E008F /* Parse.framework in Frameworks */ = {isa = PBXBuildFile; fileRef = A91379381B68F0AC005E008F /* Parse.framework */; };
		A913793F1B68F0AC005E008F /* ParseCrashReporting.framework in Frameworks */ = {isa = PBXBuildFile; fileRef = A91379391B68F0AC005E008F /* ParseCrashReporting.framework */; };
		A91379401B68F0AC005E008F /* ParseFacebookUtils.framework in Frameworks */ = {isa = PBXBuildFile; fileRef = A913793A1B68F0AC005E008F /* ParseFacebookUtils.framework */; };
		A91379411B68F0AC005E008F /* ParseFacebookUtilsV4.framework in Frameworks */ = {isa = PBXBuildFile; fileRef = A913793B1B68F0AC005E008F /* ParseFacebookUtilsV4.framework */; };
		A91379421B68F0AC005E008F /* ParseUI.framework in Frameworks */ = {isa = PBXBuildFile; fileRef = A913793C1B68F0AC005E008F /* ParseUI.framework */; };
		A91A63DC1B67B5D100A8A5A6 /* LaunchScreen.xib in Resources */ = {isa = PBXBuildFile; fileRef = A91A63D21B67B5D100A8A5A6 /* LaunchScreen.xib */; };
		A91A63DD1B67B5D100A8A5A6 /* Main.storyboard in Resources */ = {isa = PBXBuildFile; fileRef = A91A63D41B67B5D100A8A5A6 /* Main.storyboard */; };
		A91A63DE1B67B5D100A8A5A6 /* Storyboard_3.storyboard in Resources */ = {isa = PBXBuildFile; fileRef = A91A63D61B67B5D100A8A5A6 /* Storyboard_3.storyboard */; };
		A91A63DF1B67B5D100A8A5A6 /* Storyboard1.storyboard in Resources */ = {isa = PBXBuildFile; fileRef = A91A63D81B67B5D100A8A5A6 /* Storyboard1.storyboard */; };
		A91A63E01B67B5D100A8A5A6 /* Storyboard2.storyboard in Resources */ = {isa = PBXBuildFile; fileRef = A91A63DA1B67B5D100A8A5A6 /* Storyboard2.storyboard */; };
		A92AA19B1B5A315E00E378BE /* ViewController.m in Sources */ = {isa = PBXBuildFile; fileRef = A92AA1951B5A315E00E378BE /* ViewController.m */; };
		A92AA19C1B5A315E00E378BE /* AppDelegate.m in Sources */ = {isa = PBXBuildFile; fileRef = A92AA1991B5A315E00E378BE /* AppDelegate.m */; };
		A959C4A91B57F44C00FA1481 /* main.m in Sources */ = {isa = PBXBuildFile; fileRef = A959C4A81B57F44C00FA1481 /* main.m */; };
		A959C4B41B57F44C00FA1481 /* Images.xcassets in Resources */ = {isa = PBXBuildFile; fileRef = A959C4B31B57F44C00FA1481 /* Images.xcassets */; };
		A959C4C31B57F44C00FA1481 /* HiSocialAppTests.m in Sources */ = {isa = PBXBuildFile; fileRef = A959C4C21B57F44C00FA1481 /* HiSocialAppTests.m */; };
		A969DA671B67B7E3003A1D1C /* IMG-20150713-WA0002 (1).png in Resources */ = {isa = PBXBuildFile; fileRef = A969DA641B67B7E3003A1D1C /* IMG-20150713-WA0002 (1).png */; };
		A969DA681B67B7E3003A1D1C /* main.png in Resources */ = {isa = PBXBuildFile; fileRef = A969DA651B67B7E3003A1D1C /* main.png */; };
		A969DA691B67B7E3003A1D1C /* projectbg.jpg in Resources */ = {isa = PBXBuildFile; fileRef = A969DA661B67B7E3003A1D1C /* projectbg.jpg */; };
/* End PBXBuildFile section */

/* Begin PBXContainerItemProxy section */
		A959C4BD1B57F44C00FA1481 /* PBXContainerItemProxy */ = {
			isa = PBXContainerItemProxy;
			containerPortal = A959C49B1B57F44C00FA1481 /* Project object */;
			proxyType = 1;
			remoteGlobalIDString = A959C4A21B57F44C00FA1481;
			remoteInfo = HiSocialApp;
		};
/* End PBXContainerItemProxy section */

/* Begin PBXFileReference section */
		A91379071B68E86B005E008F /* Bolts.framework */ = {isa = PBXFileReference; lastKnownFileType = wrapper.framework; name = Bolts.framework; path = "HiSocialApp/Model/Framework/parse-library-1.7.5/Bolts.framework"; sourceTree = "<group>"; };
		A91379081B68E86C005E008F /* Parse.framework */ = {isa = PBXFileReference; lastKnownFileType = wrapper.framework; name = Parse.framework; path = "HiSocialApp/Model/Framework/parse-library-1.7.5/Parse.framework"; sourceTree = "<group>"; };
		A91379091B68E86C005E008F /* ParseCrashReporting.framework */ = {isa = PBXFileReference; lastKnownFileType = wrapper.framework; name = ParseCrashReporting.framework; path = "HiSocialApp/Model/Framework/parse-library-1.7.5/ParseCrashReporting.framework"; sourceTree = "<group>"; };
		A913790A1B68E86C005E008F /* ParseFacebookUtils.framework */ = {isa = PBXFileReference; lastKnownFileType = wrapper.framework; name = ParseFacebookUtils.framework; path = "HiSocialApp/Model/Framework/parse-library-1.7.5/ParseFacebookUtils.framework"; sourceTree = "<group>"; };
		A913790B1B68E86C005E008F /* ParseFacebookUtilsV4.framework */ = {isa = PBXFileReference; lastKnownFileType = wrapper.framework; name = ParseFacebookUtilsV4.framework; path = "HiSocialApp/Model/Framework/parse-library-1.7.5/ParseFacebookUtilsV4.framework"; sourceTree = "<group>"; };
		A913790C1B68E86C005E008F /* ParseUI.framework */ = {isa = PBXFileReference; lastKnownFileType = wrapper.framework; name = ParseUI.framework; path = "HiSocialApp/Model/Framework/parse-library-1.7.5/ParseUI.framework"; sourceTree = "<group>"; };
		A91379131B68E875005E008F /* Social.framework */ = {isa = PBXFileReference; lastKnownFileType = wrapper.framework; name = Social.framework; path = System/Library/Frameworks/Social.framework; sourceTree = SDKROOT; };
		A91379151B68E910005E008F /* libstdc++.6.dylib */ = {isa = PBXFileReference; lastKnownFileType = "compiled.mach-o.dylib"; name = "libstdc++.6.dylib"; path = "usr/lib/libstdc++.6.dylib"; sourceTree = SDKROOT; };
		A91379171B68E91F005E008F /* libsqlite3.0.dylib */ = {isa = PBXFileReference; lastKnownFileType = "compiled.mach-o.dylib"; name = libsqlite3.0.dylib; path = usr/lib/libsqlite3.0.dylib; sourceTree = SDKROOT; };
		A91379191B68E92A005E008F /* CFNetwork.framework */ = {isa = PBXFileReference; lastKnownFileType = wrapper.framework; name = CFNetwork.framework; path = System/Library/Frameworks/CFNetwork.framework; sourceTree = SDKROOT; };
		A913791B1B68E937005E008F /* CoreGraphics.framework */ = {isa = PBXFileReference; lastKnownFileType = wrapper.framework; name = CoreGraphics.framework; path = System/Library/Frameworks/CoreGraphics.framework; sourceTree = SDKROOT; };
		A913791D1B68E945005E008F /* CoreLocation.framework */ = {isa = PBXFileReference; lastKnownFileType = wrapper.framework; name = CoreLocation.framework; path = System/Library/Frameworks/CoreLocation.framework; sourceTree = SDKROOT; };
		A913791F1B68E95D005E008F /* libz.1.1.3.dylib */ = {isa = PBXFileReference; lastKnownFileType = "compiled.mach-o.dylib"; name = libz.1.1.3.dylib; path = usr/lib/libz.1.1.3.dylib; sourceTree = SDKROOT; };
		A91379211B68E96B005E008F /* MobileCoreServices.framework */ = {isa = PBXFileReference; lastKnownFileType = wrapper.framework; name = MobileCoreServices.framework; path = System/Library/Frameworks/MobileCoreServices.framework; sourceTree = SDKROOT; };
		A91379231B68E979005E008F /* QuartzCore.framework */ = {isa = PBXFileReference; lastKnownFileType = wrapper.framework; name = QuartzCore.framework; path = System/Library/Frameworks/QuartzCore.framework; sourceTree = SDKROOT; };
		A91379251B68E985005E008F /* Security.framework */ = {isa = PBXFileReference; lastKnownFileType = wrapper.framework; name = Security.framework; path = System/Library/Frameworks/Security.framework; sourceTree = SDKROOT; };
		A91379271B68E991005E008F /* StoreKit.framework */ = {isa = PBXFileReference; lastKnownFileType = wrapper.framework; name = StoreKit.framework; path = System/Library/Frameworks/StoreKit.framework; sourceTree = SDKROOT; };
		A91379291B68E9B7005E008F /* SystemConfiguration.framework */ = {isa = PBXFileReference; lastKnownFileType = wrapper.framework; name = SystemConfiguration.framework; path = System/Library/Frameworks/SystemConfiguration.framework; sourceTree = SDKROOT; };
		A913792B1B68E9C3005E008F /* AudioToolbox.framework */ = {isa = PBXFileReference; lastKnownFileType = wrapper.framework; name = AudioToolbox.framework; path = System/Library/Frameworks/AudioToolbox.framework; sourceTree = SDKROOT; };
		A913792E1B68EFE5005E008F /* LoginVC.h */ = {isa = PBXFileReference; fileEncoding = 4; lastKnownFileType = sourcecode.c.h; path = LoginVC.h; sourceTree = "<group>"; };
		A913792F1B68EFE5005E008F /* LoginVC.m */ = {isa = PBXFileReference; fileEncoding = 4; lastKnownFileType = sourcecode.c.objc; path = LoginVC.m; sourceTree = "<group>"; };
		A91379311B68EFE5005E008F /* Signup.h */ = {isa = PBXFileReference; fileEncoding = 4; lastKnownFileType = sourcecode.c.h; path = Signup.h; sourceTree = "<group>"; };
		A91379321B68EFE5005E008F /* Signup.m */ = {isa = PBXFileReference; fileEncoding = 4; lastKnownFileType = sourcecode.c.objc; path = Signup.m; sourceTree = "<group>"; };
		A91379371B68F0AC005E008F /* Bolts.framework */ = {isa = PBXFileReference; lastKnownFileType = wrapper.framework; name = Bolts.framework; path = "HiSocialApp/Model/Framework/parse-library-1.7.5/Bolts.framework"; sourceTree = "<group>"; };
		A91379381B68F0AC005E008F /* Parse.framework */ = {isa = PBXFileReference; lastKnownFileType = wrapper.framework; name = Parse.framework; path = "HiSocialApp/Model/Framework/parse-library-1.7.5/Parse.framework"; sourceTree = "<group>"; };
		A91379391B68F0AC005E008F /* ParseCrashReporting.framework */ = {isa = PBXFileReference; lastKnownFileType = wrapper.framework; name = ParseCrashReporting.framework; path = "HiSocialApp/Model/Framework/parse-library-1.7.5/ParseCrashReporting.framework"; sourceTree = "<group>"; };
		A913793A1B68F0AC005E008F /* ParseFacebookUtils.framework */ = {isa = PBXFileReference; lastKnownFileType = wrapper.framework; name = ParseFacebookUtils.framework; path = "HiSocialApp/Model/Framework/parse-library-1.7.5/ParseFacebookUtils.framework"; sourceTree = "<group>"; };
		A913793B1B68F0AC005E008F /* ParseFacebookUtilsV4.framework */ = {isa = PBXFileReference; lastKnownFileType = wrapper.framework; name = ParseFacebookUtilsV4.framework; path = "HiSocialApp/Model/Framework/parse-library-1.7.5/ParseFacebookUtilsV4.framework"; sourceTree = "<group>"; };
		A913793C1B68F0AC005E008F /* ParseUI.framework */ = {isa = PBXFileReference; lastKnownFileType = wrapper.framework; name = ParseUI.framework; path = "HiSocialApp/Model/Framework/parse-library-1.7.5/ParseUI.framework"; sourceTree = "<group>"; };
		A91A63D31B67B5D100A8A5A6 /* Base */ = {isa = PBXFileReference; lastKnownFileType = file.xib; name = Base; path = HiSocialApp/Base.lproj/LaunchScreen.xib; sourceTree = "<group>"; };
		A91A63D51B67B5D100A8A5A6 /* Base */ = {isa = PBXFileReference; lastKnownFileType = file.storyboard; name = Base; path = HiSocialApp/Base.lproj/Main.storyboard; sourceTree = "<group>"; };
		A91A63D71B67B5D100A8A5A6 /* Base */ = {isa = PBXFileReference; lastKnownFileType = file.storyboard; name = Base; path = HiSocialApp/Base.lproj/Storyboard_3.storyboard; sourceTree = "<group>"; };
		A91A63D91B67B5D100A8A5A6 /* Base */ = {isa = PBXFileReference; lastKnownFileType = file.storyboard; name = Base; path = HiSocialApp/Base.lproj/Storyboard1.storyboard; sourceTree = "<group>"; };
		A91A63DB1B67B5D100A8A5A6 /* Base */ = {isa = PBXFileReference; lastKnownFileType = file.storyboard; name = Base; path = HiSocialApp/Base.lproj/Storyboard2.storyboard; sourceTree = "<group>"; };
		A92AA1941B5A315E00E378BE /* ViewController.h */ = {isa = PBXFileReference; fileEncoding = 4; lastKnownFileType = sourcecode.c.h; path = ViewController.h; sourceTree = "<group>"; };
		A92AA1951B5A315E00E378BE /* ViewController.m */ = {isa = PBXFileReference; fileEncoding = 4; lastKnownFileType = sourcecode.c.objc; path = ViewController.m; sourceTree = "<group>"; };
		A92AA1981B5A315E00E378BE /* AppDelegate.h */ = {isa = PBXFileReference; fileEncoding = 4; lastKnownFileType = sourcecode.c.h; path = AppDelegate.h; sourceTree = "<group>"; };
		A92AA1991B5A315E00E378BE /* AppDelegate.m */ = {isa = PBXFileReference; fileEncoding = 4; lastKnownFileType = sourcecode.c.objc; path = AppDelegate.m; sourceTree = "<group>"; };
		A959C4A31B57F44C00FA1481 /* HiSocialApp.app */ = {isa = PBXFileReference; explicitFileType = wrapper.application; includeInIndex = 0; path = HiSocialApp.app; sourceTree = BUILT_PRODUCTS_DIR; };
		A959C4A71B57F44C00FA1481 /* Info.plist */ = {isa = PBXFileReference; lastKnownFileType = text.plist.xml; path = Info.plist; sourceTree = "<group>"; };
		A959C4A81B57F44C00FA1481 /* main.m */ = {isa = PBXFileReference; lastKnownFileType = sourcecode.c.objc; path = main.m; sourceTree = "<group>"; };
		A959C4B31B57F44C00FA1481 /* Images.xcassets */ = {isa = PBXFileReference; lastKnownFileType = folder.assetcatalog; path = Images.xcassets; sourceTree = "<group>"; };
		A959C4BC1B57F44C00FA1481 /* HiSocialAppTests.xctest */ = {isa = PBXFileReference; explicitFileType = wrapper.cfbundle; includeInIndex = 0; path = HiSocialAppTests.xctest; sourceTree = BUILT_PRODUCTS_DIR; };
		A959C4C11B57F44C00FA1481 /* Info.plist */ = {isa = PBXFileReference; lastKnownFileType = text.plist.xml; path = Info.plist; sourceTree = "<group>"; };
		A959C4C21B57F44C00FA1481 /* HiSocialAppTests.m */ = {isa = PBXFileReference; lastKnownFileType = sourcecode.c.objc; path = HiSocialAppTests.m; sourceTree = "<group>"; };
		A969DA641B67B7E3003A1D1C /* IMG-20150713-WA0002 (1).png */ = {isa = PBXFileReference; lastKnownFileType = image.png; path = "IMG-20150713-WA0002 (1).png"; sourceTree = "<group>"; };
		A969DA651B67B7E3003A1D1C /* main.png */ = {isa = PBXFileReference; lastKnownFileType = image.png; path = main.png; sourceTree = "<group>"; };
		A969DA661B67B7E3003A1D1C /* projectbg.jpg */ = {isa = PBXFileReference; lastKnownFileType = image.jpeg; path = projectbg.jpg; sourceTree = "<group>"; };
/* End PBXFileReference section */

/* Begin PBXFrameworksBuildPhase section */
		A959C4A01B57F44C00FA1481 /* Frameworks */ = {
			isa = PBXFrameworksBuildPhase;
			buildActionMask = 2147483647;
			files = (
				A91379401B68F0AC005E008F /* ParseFacebookUtils.framework in Frameworks */,
				A913792C1B68E9C3005E008F /* AudioToolbox.framework in Frameworks */,
				A91379421B68F0AC005E008F /* ParseUI.framework in Frameworks */,
				A91379411B68F0AC005E008F /* ParseFacebookUtilsV4.framework in Frameworks */,
				A913792A1B68E9B7005E008F /* SystemConfiguration.framework in Frameworks */,
				A91379281B68E991005E008F /* StoreKit.framework in Frameworks */,
				A91379261B68E985005E008F /* Security.framework in Frameworks */,
				A91379241B68E979005E008F /* QuartzCore.framework in Frameworks */,
				A91379221B68E96B005E008F /* MobileCoreServices.framework in Frameworks */,
				A91379201B68E95D005E008F /* libz.1.1.3.dylib in Frameworks */,
				A913791E1B68E945005E008F /* CoreLocation.framework in Frameworks */,
				A913791C1B68E937005E008F /* CoreGraphics.framework in Frameworks */,
				A913793F1B68F0AC005E008F /* ParseCrashReporting.framework in Frameworks */,
				A913791A1B68E92A005E008F /* CFNetwork.framework in Frameworks */,
				A913793E1B68F0AC005E008F /* Parse.framework in Frameworks */,
				A91379181B68E91F005E008F /* libsqlite3.0.dylib in Frameworks */,
				A91379161B68E910005E008F /* libstdc++.6.dylib in Frameworks */,
				A91379141B68E875005E008F /* Social.framework in Frameworks */,
				A913790D1B68E86C005E008F /* Bolts.framework in Frameworks */,
				A913790E1B68E86C005E008F /* Parse.framework in Frameworks */,
				A913793D1B68F0AC005E008F /* Bolts.framework in Frameworks */,
				A913790F1B68E86C005E008F /* ParseCrashReporting.framework in Frameworks */,
				A91379101B68E86C005E008F /* ParseFacebookUtils.framework in Frameworks */,
				A91379111B68E86C005E008F /* ParseFacebookUtilsV4.framework in Frameworks */,
				A91379121B68E86C005E008F /* ParseUI.framework in Frameworks */,
			);
			runOnlyForDeploymentPostprocessing = 0;
		};
		A959C4B91B57F44C00FA1481 /* Frameworks */ = {
			isa = PBXFrameworksBuildPhase;
			buildActionMask = 2147483647;
			files = (
			);
			runOnlyForDeploymentPostprocessing = 0;
		};
/* End PBXFrameworksBuildPhase section */

/* Begin PBXGroup section */
		A913792D1B68EFE5005E008F /* LoginVC */ = {
			isa = PBXGroup;
			children = (
				A913792E1B68EFE5005E008F /* LoginVC.h */,
				A913792F1B68EFE5005E008F /* LoginVC.m */,
			);
			path = LoginVC;
			sourceTree = "<group>";
		};
		A91379301B68EFE5005E008F /* Signup */ = {
			isa = PBXGroup;
			children = (
				A91379311B68EFE5005E008F /* Signup.h */,
				A91379321B68EFE5005E008F /* Signup.m */,
			);
			path = Signup;
			sourceTree = "<group>";
		};
		A91379351B68F06C005E008F /* Framework */ = {
			isa = PBXGroup;
			children = (
				A91379361B68F08B005E008F /* parse-library-1.7.5 */,
			);
			name = Framework;
			sourceTree = "<group>";
		};
		A91379361B68F08B005E008F /* parse-library-1.7.5 */ = {
			isa = PBXGroup;
			children = (
				A91379371B68F0AC005E008F /* Bolts.framework */,
				A91379381B68F0AC005E008F /* Parse.framework */,
				A91379391B68F0AC005E008F /* ParseCrashReporting.framework */,
				A913793A1B68F0AC005E008F /* ParseFacebookUtils.framework */,
				A913793B1B68F0AC005E008F /* ParseFacebookUtilsV4.framework */,
				A913793C1B68F0AC005E008F /* ParseUI.framework */,
			);
			name = "parse-library-1.7.5";
			sourceTree = "<group>";
		};
		A92AA1911B5A30FB00E378BE /* Storyboards */ = {
			isa = PBXGroup;
			children = (
			);
			name = Storyboards;
			path = ..;
			sourceTree = "<group>";
		};
		A92AA1921B5A315E00E378BE /* Controller */ = {
			isa = PBXGroup;
			children = (
				A913792D1B68EFE5005E008F /* LoginVC */,
				A91379301B68EFE5005E008F /* Signup */,
				A92AA1931B5A315E00E378BE /* ViewController */,
			);
			path = Controller;
			sourceTree = "<group>";
		};
		A92AA1931B5A315E00E378BE /* ViewController */ = {
			isa = PBXGroup;
			children = (
				A92AA1941B5A315E00E378BE /* ViewController.h */,
				A92AA1951B5A315E00E378BE /* ViewController.m */,
			);
			path = ViewController;
			sourceTree = "<group>";
		};
		A92AA1961B5A315E00E378BE /* Model */ = {
			isa = PBXGroup;
			children = (
				A92AA19D1B5A319400E378BE /* Resources */,
				A92AA1971B5A315E00E378BE /* AppDelegate */,
			);
			path = Model;
			sourceTree = "<group>";
		};
		A92AA1971B5A315E00E378BE /* AppDelegate */ = {
			isa = PBXGroup;
			children = (
				A92AA1981B5A315E00E378BE /* AppDelegate.h */,
				A92AA1991B5A315E00E378BE /* AppDelegate.m */,
			);
			path = AppDelegate;
			sourceTree = "<group>";
		};
		A92AA19A1B5A315E00E378BE /* View */ = {
			isa = PBXGroup;
			children = (
				A92AA1911B5A30FB00E378BE /* Storyboards */,
			);
			path = View;
			sourceTree = "<group>";
		};
		A92AA19D1B5A319400E378BE /* Resources */ = {
			isa = PBXGroup;
			children = (
			);
			path = Resources;
			sourceTree = "<group>";
		};
		A959C49A1B57F44C00FA1481 = {
			isa = PBXGroup;
			children = (
				A91379351B68F06C005E008F /* Framework */,
				A913792B1B68E9C3005E008F /* AudioToolbox.framework */,
				A91379291B68E9B7005E008F /* SystemConfiguration.framework */,
				A91379271B68E991005E008F /* StoreKit.framework */,
				A91379251B68E985005E008F /* Security.framework */,
				A91379231B68E979005E008F /* QuartzCore.framework */,
				A91379211B68E96B005E008F /* MobileCoreServices.framework */,
				A913791F1B68E95D005E008F /* libz.1.1.3.dylib */,
				A913791D1B68E945005E008F /* CoreLocation.framework */,
				A913791B1B68E937005E008F /* CoreGraphics.framework */,
				A91379191B68E92A005E008F /* CFNetwork.framework */,
				A91379171B68E91F005E008F /* libsqlite3.0.dylib */,
				A91379151B68E910005E008F /* libstdc++.6.dylib */,
				A91379131B68E875005E008F /* Social.framework */,
				A91379071B68E86B005E008F /* Bolts.framework */,
				A91379081B68E86C005E008F /* Parse.framework */,
				A91379091B68E86C005E008F /* ParseCrashReporting.framework */,
				A913790A1B68E86C005E008F /* ParseFacebookUtils.framework */,
				A913790B1B68E86C005E008F /* ParseFacebookUtilsV4.framework */,
				A913790C1B68E86C005E008F /* ParseUI.framework */,
				A91A63D21B67B5D100A8A5A6 /* LaunchScreen.xib */,
				A91A63D41B67B5D100A8A5A6 /* Main.storyboard */,
				A91A63D61B67B5D100A8A5A6 /* Storyboard_3.storyboard */,
				A91A63D81B67B5D100A8A5A6 /* Storyboard1.storyboard */,
				A91A63DA1B67B5D100A8A5A6 /* Storyboard2.storyboard */,
				A969DA641B67B7E3003A1D1C /* IMG-20150713-WA0002 (1).png */,
				A969DA651B67B7E3003A1D1C /* main.png */,
				A969DA661B67B7E3003A1D1C /* projectbg.jpg */,
				A959C4A51B57F44C00FA1481 /* HiSocialApp */,
				A959C4BF1B57F44C00FA1481 /* HiSocialAppTests */,
				A959C4A41B57F44C00FA1481 /* Products */,
			);
			sourceTree = "<group>";
		};
		A959C4A41B57F44C00FA1481 /* Products */ = {
			isa = PBXGroup;
			children = (
				A959C4A31B57F44C00FA1481 /* HiSocialApp.app */,
				A959C4BC1B57F44C00FA1481 /* HiSocialAppTests.xctest */,
			);
			name = Products;
			sourceTree = "<group>";
		};
		A959C4A51B57F44C00FA1481 /* HiSocialApp */ = {
			isa = PBXGroup;
			children = (
				A92AA1961B5A315E00E378BE /* Model */,
				A92AA1921B5A315E00E378BE /* Controller */,
				A92AA19A1B5A315E00E378BE /* View */,
				A959C4B31B57F44C00FA1481 /* Images.xcassets */,
				A959C4A61B57F44C00FA1481 /* Supporting Files */,
			);
			path = HiSocialApp;
			sourceTree = "<group>";
		};
		A959C4A61B57F44C00FA1481 /* Supporting Files */ = {
			isa = PBXGroup;
			children = (
				A959C4A71B57F44C00FA1481 /* Info.plist */,
				A959C4A81B57F44C00FA1481 /* main.m */,
			);
			name = "Supporting Files";
			sourceTree = "<group>";
		};
		A959C4BF1B57F44C00FA1481 /* HiSocialAppTests */ = {
			isa = PBXGroup;
			children = (
				A959C4C21B57F44C00FA1481 /* HiSocialAppTests.m */,
				A959C4C01B57F44C00FA1481 /* Supporting Files */,
			);
			path = HiSocialAppTests;
			sourceTree = "<group>";
		};
		A959C4C01B57F44C00FA1481 /* Supporting Files */ = {
			isa = PBXGroup;
			children = (
				A959C4C11B57F44C00FA1481 /* Info.plist */,
			);
			name = "Supporting Files";
			sourceTree = "<group>";
		};
/* End PBXGroup section */

/* Begin PBXNativeTarget section */
		A959C4A21B57F44C00FA1481 /* HiSocialApp */ = {
			isa = PBXNativeTarget;
			buildConfigurationList = A959C4C61B57F44C00FA1481 /* Build configuration list for PBXNativeTarget "HiSocialApp" */;
			buildPhases = (
				A959C49F1B57F44C00FA1481 /* Sources */,
				A959C4A01B57F44C00FA1481 /* Frameworks */,
				A959C4A11B57F44C00FA1481 /* Resources */,
			);
			buildRules = (
			);
			dependencies = (
			);
			name = HiSocialApp;
			productName = HiSocialApp;
			productReference = A959C4A31B57F44C00FA1481 /* HiSocialApp.app */;
			productType = "com.apple.product-type.application";
		};
		A959C4BB1B57F44C00FA1481 /* HiSocialAppTests */ = {
			isa = PBXNativeTarget;
			buildConfigurationList = A959C4C91B57F44C00FA1481 /* Build configuration list for PBXNativeTarget "HiSocialAppTests" */;
			buildPhases = (
				A959C4B81B57F44C00FA1481 /* Sources */,
				A959C4B91B57F44C00FA1481 /* Frameworks */,
				A959C4BA1B57F44C00FA1481 /* Resources */,
			);
			buildRules = (
			);
			dependencies = (
				A959C4BE1B57F44C00FA1481 /* PBXTargetDependency */,
			);
			name = HiSocialAppTests;
			productName = HiSocialAppTests;
			productReference = A959C4BC1B57F44C00FA1481 /* HiSocialAppTests.xctest */;
			productType = "com.apple.product-type.bundle.unit-test";
		};
/* End PBXNativeTarget section */

/* Begin PBXProject section */
		A959C49B1B57F44C00FA1481 /* Project object */ = {
			isa = PBXProject;
			attributes = {
				LastUpgradeCheck = 0630;
				ORGANIZATIONNAME = indianic;
				TargetAttributes = {
					A959C4A21B57F44C00FA1481 = {
						CreatedOnToolsVersion = 6.3.2;
					};
					A959C4BB1B57F44C00FA1481 = {
						CreatedOnToolsVersion = 6.3.2;
						TestTargetID = A959C4A21B57F44C00FA1481;
					};
				};
			};
			buildConfigurationList = A959C49E1B57F44C00FA1481 /* Build configuration list for PBXProject "HiSocialApp" */;
			compatibilityVersion = "Xcode 3.2";
			developmentRegion = English;
			hasScannedForEncodings = 0;
			knownRegions = (
				en,
				Base,
			);
			mainGroup = A959C49A1B57F44C00FA1481;
			productRefGroup = A959C4A41B57F44C00FA1481 /* Products */;
			projectDirPath = "";
			projectRoot = "";
			targets = (
				A959C4A21B57F44C00FA1481 /* HiSocialApp */,
				A959C4BB1B57F44C00FA1481 /* HiSocialAppTests */,
			);
		};
/* End PBXProject section */

/* Begin PBXResourcesBuildPhase section */
		A959C4A11B57F44C00FA1481 /* Resources */ = {
			isa = PBXResourcesBuildPhase;
			buildActionMask = 2147483647;
			files = (
				A969DA671B67B7E3003A1D1C /* IMG-20150713-WA0002 (1).png in Resources */,
				A91A63E01B67B5D100A8A5A6 /* Storyboard2.storyboard in Resources */,
				A91A63DF1B67B5D100A8A5A6 /* Storyboard1.storyboard in Resources */,
				A91A63DC1B67B5D100A8A5A6 /* LaunchScreen.xib in Resources */,
				A91A63DD1B67B5D100A8A5A6 /* Main.storyboard in Resources */,
				A969DA681B67B7E3003A1D1C /* main.png in Resources */,
				A91A63DE1B67B5D100A8A5A6 /* Storyboard_3.storyboard in Resources */,
				A959C4B41B57F44C00FA1481 /* Images.xcassets in Resources */,
				A969DA691B67B7E3003A1D1C /* projectbg.jpg in Resources */,
			);
			runOnlyForDeploymentPostprocessing = 0;
		};
		A959C4BA1B57F44C00FA1481 /* Resources */ = {
			isa = PBXResourcesBuildPhase;
			buildActionMask = 2147483647;
			files = (
			);
			runOnlyForDeploymentPostprocessing = 0;
		};
/* End PBXResourcesBuildPhase section */

/* Begin PBXSourcesBuildPhase section */
		A959C49F1B57F44C00FA1481 /* Sources */ = {
			isa = PBXSourcesBuildPhase;
			buildActionMask = 2147483647;
			files = (
				A92AA19B1B5A315E00E378BE /* ViewController.m in Sources */,
				A959C4A91B57F44C00FA1481 /* main.m in Sources */,
				A91379331B68EFE5005E008F /* LoginVC.m in Sources */,
				A92AA19C1B5A315E00E378BE /* AppDelegate.m in Sources */,
				A91379341B68EFE5005E008F /* Signup.m in Sources */,
			);
			runOnlyForDeploymentPostprocessing = 0;
		};
		A959C4B81B57F44C00FA1481 /* Sources */ = {
			isa = PBXSourcesBuildPhase;
			buildActionMask = 2147483647;
			files = (
				A959C4C31B57F44C00FA1481 /* HiSocialAppTests.m in Sources */,
			);
			runOnlyForDeploymentPostprocessing = 0;
		};
/* End PBXSourcesBuildPhase section */

/* Begin PBXTargetDependency section */
		A959C4BE1B57F44C00FA1481 /* PBXTargetDependency */ = {
			isa = PBXTargetDependency;
			target = A959C4A21B57F44C00FA1481 /* HiSocialApp */;
			targetProxy = A959C4BD1B57F44C00FA1481 /* PBXContainerItemProxy */;
		};
/* End PBXTargetDependency section */

/* Begin PBXVariantGroup section */
		A91A63D21B67B5D100A8A5A6 /* LaunchScreen.xib */ = {
			isa = PBXVariantGroup;
			children = (
				A91A63D31B67B5D100A8A5A6 /* Base */,
			);
			name = LaunchScreen.xib;
			sourceTree = "<group>";
		};
		A91A63D41B67B5D100A8A5A6 /* Main.storyboard */ = {
			isa = PBXVariantGroup;
			children = (
				A91A63D51B67B5D100A8A5A6 /* Base */,
			);
			name = Main.storyboard;
			sourceTree = "<group>";
		};
		A91A63D61B67B5D100A8A5A6 /* Storyboard_3.storyboard */ = {
			isa = PBXVariantGroup;
			children = (
				A91A63D71B67B5D100A8A5A6 /* Base */,
			);
			name = Storyboard_3.storyboard;
			sourceTree = "<group>";
		};
		A91A63D81B67B5D100A8A5A6 /* Storyboard1.storyboard */ = {
			isa = PBXVariantGroup;
			children = (
				A91A63D91B67B5D100A8A5A6 /* Base */,
			);
			name = Storyboard1.storyboard;
			sourceTree = "<group>";
		};
		A91A63DA1B67B5D100A8A5A6 /* Storyboard2.storyboard */ = {
			isa = PBXVariantGroup;
			children = (
				A91A63DB1B67B5D100A8A5A6 /* Base */,
			);
			name = Storyboard2.storyboard;
			sourceTree = "<group>";
		};
/* End PBXVariantGroup section */

/* Begin XCBuildConfiguration section */
		A959C4C41B57F44C00FA1481 /* Debug */ = {
			isa = XCBuildConfiguration;
			buildSettings = {
				ALWAYS_SEARCH_USER_PATHS = NO;
				CLANG_CXX_LANGUAGE_STANDARD = "gnu++0x";
				CLANG_CXX_LIBRARY = "libc++";
				CLANG_ENABLE_MODULES = YES;
				CLANG_ENABLE_OBJC_ARC = YES;
				CLANG_WARN_BOOL_CONVERSION = YES;
				CLANG_WARN_CONSTANT_CONVERSION = YES;
				CLANG_WARN_DIRECT_OBJC_ISA_USAGE = YES_ERROR;
				CLANG_WARN_EMPTY_BODY = YES;
				CLANG_WARN_ENUM_CONVERSION = YES;
				CLANG_WARN_INT_CONVERSION = YES;
				CLANG_WARN_OBJC_ROOT_CLASS = YES_ERROR;
				CLANG_WARN_UNREACHABLE_CODE = YES;
				CLANG_WARN__DUPLICATE_METHOD_MATCH = YES;
				"CODE_SIGN_IDENTITY[sdk=iphoneos*]" = "iPhone Developer";
				COPY_PHASE_STRIP = NO;
				DEBUG_INFORMATION_FORMAT = "dwarf-with-dsym";
				ENABLE_STRICT_OBJC_MSGSEND = YES;
				GCC_C_LANGUAGE_STANDARD = gnu99;
				GCC_DYNAMIC_NO_PIC = NO;
				GCC_NO_COMMON_BLOCKS = YES;
				GCC_OPTIMIZATION_LEVEL = 0;
				GCC_PREPROCESSOR_DEFINITIONS = (
					"DEBUG=1",
					"$(inherited)",
				);
				GCC_SYMBOLS_PRIVATE_EXTERN = NO;
				GCC_WARN_64_TO_32_BIT_CONVERSION = YES;
				GCC_WARN_ABOUT_RETURN_TYPE = YES_ERROR;
				GCC_WARN_UNDECLARED_SELECTOR = YES;
				GCC_WARN_UNINITIALIZED_AUTOS = YES_AGGRESSIVE;
				GCC_WARN_UNUSED_FUNCTION = YES;
				GCC_WARN_UNUSED_VARIABLE = YES;
				IPHONEOS_DEPLOYMENT_TARGET = 8.3;
				MTL_ENABLE_DEBUG_INFO = YES;
				ONLY_ACTIVE_ARCH = YES;
				SDKROOT = iphoneos;
				TARGETED_DEVICE_FAMILY = "1,2";
			};
			name = Debug;
		};
		A959C4C51B57F44C00FA1481 /* Release */ = {
			isa = XCBuildConfiguration;
			buildSettings = {
				ALWAYS_SEARCH_USER_PATHS = NO;
				CLANG_CXX_LANGUAGE_STANDARD = "gnu++0x";
				CLANG_CXX_LIBRARY = "libc++";
				CLANG_ENABLE_MODULES = YES;
				CLANG_ENABLE_OBJC_ARC = YES;
				CLANG_WARN_BOOL_CONVERSION = YES;
				CLANG_WARN_CONSTANT_CONVERSION = YES;
				CLANG_WARN_DIRECT_OBJC_ISA_USAGE = YES_ERROR;
				CLANG_WARN_EMPTY_BODY = YES;
				CLANG_WARN_ENUM_CONVERSION = YES;
				CLANG_WARN_INT_CONVERSION = YES;
				CLANG_WARN_OBJC_ROOT_CLASS = YES_ERROR;
				CLANG_WARN_UNREACHABLE_CODE = YES;
				CLANG_WARN__DUPLICATE_METHOD_MATCH = YES;
				"CODE_SIGN_IDENTITY[sdk=iphoneos*]" = "iPhone Developer";
				COPY_PHASE_STRIP = NO;
				DEBUG_INFORMATION_FORMAT = "dwarf-with-dsym";
				ENABLE_NS_ASSERTIONS = NO;
				ENABLE_STRICT_OBJC_MSGSEND = YES;
				GCC_C_LANGUAGE_STANDARD = gnu99;
				GCC_NO_COMMON_BLOCKS = YES;
				GCC_WARN_64_TO_32_BIT_CONVERSION = YES;
				GCC_WARN_ABOUT_RETURN_TYPE = YES_ERROR;
				GCC_WARN_UNDECLARED_SELECTOR = YES;
				GCC_WARN_UNINITIALIZED_AUTOS = YES_AGGRESSIVE;
				GCC_WARN_UNUSED_FUNCTION = YES;
				GCC_WARN_UNUSED_VARIABLE = YES;
				IPHONEOS_DEPLOYMENT_TARGET = 8.3;
				MTL_ENABLE_DEBUG_INFO = NO;
				SDKROOT = iphoneos;
				TARGETED_DEVICE_FAMILY = "1,2";
				VALIDATE_PRODUCT = YES;
			};
			name = Release;
		};
		A959C4C71B57F44C00FA1481 /* Debug */ = {
			isa = XCBuildConfiguration;
			buildSettings = {
				ASSETCATALOG_COMPILER_APPICON_NAME = AppIcon;
				FRAMEWORK_SEARCH_PATHS = (
					"$(inherited)",
					"$(PROJECT_DIR)/HiSocialApp/Model/Framework/parse-library-1.7.5",
				);
				INFOPLIST_FILE = HiSocialApp/Info.plist;
				IPHONEOS_DEPLOYMENT_TARGET = 8.0;
				LD_RUNPATH_SEARCH_PATHS = "$(inherited) @executable_path/Frameworks";
				ONLY_ACTIVE_ARCH = YES;
				PRODUCT_NAME = "$(TARGET_NAME)";
			};
			name = Debug;
		};
		A959C4C81B57F44C00FA1481 /* Release */ = {
			isa = XCBuildConfiguration;
			buildSettings = {
				ASSETCATALOG_COMPILER_APPICON_NAME = AppIcon;
				FRAMEWORK_SEARCH_PATHS = (
					"$(inherited)",
					"$(PROJECT_DIR)/HiSocialApp/Model/Framework/parse-library-1.7.5",
				);
				INFOPLIST_FILE = HiSocialApp/Info.plist;
				IPHONEOS_DEPLOYMENT_TARGET = 8.0;
				LD_RUNPATH_SEARCH_PATHS = "$(inherited) @executable_path/Frameworks";
				ONLY_ACTIVE_ARCH = YES;
				PRODUCT_NAME = "$(TARGET_NAME)";
			};
			name = Release;
		};
		A959C4CA1B57F44C00FA1481 /* Debug */ = {
			isa = XCBuildConfiguration;
			buildSettings = {
				BUNDLE_LOADER = "$(TEST_HOST)";
				FRAMEWORK_SEARCH_PATHS = (
					"$(SDKROOT)/Developer/Library/Frameworks",
					"$(inherited)",
				);
				GCC_PREPROCESSOR_DEFINITIONS = (
					"DEBUG=1",
					"$(inherited)",
				);
				INFOPLIST_FILE = HiSocialAppTests/Info.plist;
				LD_RUNPATH_SEARCH_PATHS = "$(inherited) @executable_path/Frameworks @loader_path/Frameworks";
				PRODUCT_NAME = "$(TARGET_NAME)";
				TEST_HOST = "$(BUILT_PRODUCTS_DIR)/HiSocialApp.app/HiSocialApp";
			};
			name = Debug;
		};
		A959C4CB1B57F44C00FA1481 /* Release */ = {
			isa = XCBuildConfiguration;
			buildSettings = {
				BUNDLE_LOADER = "$(TEST_HOST)";
				FRAMEWORK_SEARCH_PATHS = (
					"$(SDKROOT)/Developer/Library/Frameworks",
					"$(inherited)",
				);
				INFOPLIST_FILE = HiSocialAppTests/Info.plist;
				LD_RUNPATH_SEARCH_PATHS = "$(inherited) @executable_path/Frameworks @loader_path/Frameworks";
				PRODUCT_NAME = "$(TARGET_NAME)";
				TEST_HOST = "$(BUILT_PRODUCTS_DIR)/HiSocialApp.app/HiSocialApp";
			};
			name = Release;
		};
/* End XCBuildConfiguration section */

/* Begin XCConfigurationList section */
		A959C49E1B57F44C00FA1481 /* Build configuration list for PBXProject "HiSocialApp" */ = {
			isa = XCConfigurationList;
			buildConfigurations = (
				A959C4C41B57F44C00FA1481 /* Debug */,
				A959C4C51B57F44C00FA1481 /* Release */,
			);
			defaultConfigurationIsVisible = 0;
			defaultConfigurationName = Release;
		};
		A959C4C61B57F44C00FA1481 /* Build configuration list for PBXNativeTarget "HiSocialApp" */ = {
			isa = XCConfigurationList;
			buildConfigurations = (
				A959C4C71B57F44C00FA1481 /* Debug */,
				A959C4C81B57F44C00FA1481 /* Release */,
			);
			defaultConfigurationIsVisible = 0;
			defaultConfigurationName = Release;
		};
		A959C4C91B57F44C00FA1481 /* Build configuration list for PBXNativeTarget "HiSocialAppTests" */ = {
			isa = XCConfigurationList;
			buildConfigurations = (
				A959C4CA1B57F44C00FA1481 /* Debug */,
				A959C4CB1B57F44C00FA1481 /* Release */,
			);
			defaultConfigurationIsVisible = 0;
			defaultConfigurationName = Release;
		};
/* End XCConfigurationList section */
	};
	rootObject = A959C49B1B57F44C00FA1481 /* Project object */;
}
